// !$*UTF8*$!
{
	archiveVersion = 1;
	classes = {
	};
	objectVersion = 56;
	objects = {

/* Begin PBXBuildFile section */
		FA4253E32BDDDB4F004699DA /* NumberPickerView.swift in Sources */ = {isa = PBXBuildFile; fileRef = FA4253E22BDDDB4F004699DA /* NumberPickerView.swift */; };
		FA52BF7E2BDDB5FE00052CE1 /* EditExerciseView.swift in Sources */ = {isa = PBXBuildFile; fileRef = FA52BF7D2BDDB5FE00052CE1 /* EditExerciseView.swift */; };
		FA960DE42BDD9B4A00B8324F /* App.swift in Sources */ = {isa = PBXBuildFile; fileRef = FA960DE32BDD9B4A00B8324F /* App.swift */; };
		FA960DE62BDD9B4A00B8324F /* WorkoutsView.swift in Sources */ = {isa = PBXBuildFile; fileRef = FA960DE52BDD9B4A00B8324F /* WorkoutsView.swift */; };
		FA960DE82BDD9B4C00B8324F /* Assets.xcassets in Resources */ = {isa = PBXBuildFile; fileRef = FA960DE72BDD9B4C00B8324F /* Assets.xcassets */; };
		FA960DEB2BDD9B4C00B8324F /* Preview Assets.xcassets in Resources */ = {isa = PBXBuildFile; fileRef = FA960DEA2BDD9B4C00B8324F /* Preview Assets.xcassets */; };
		FA960DF32BDD9DCC00B8324F /* Realm in Frameworks */ = {isa = PBXBuildFile; productRef = FA960DF22BDD9DCC00B8324F /* Realm */; };
		FA960DF52BDD9DCC00B8324F /* RealmSwift in Frameworks */ = {isa = PBXBuildFile; productRef = FA960DF42BDD9DCC00B8324F /* RealmSwift */; };
		FA960DF82BDD9EA800B8324F /* Set.swift in Sources */ = {isa = PBXBuildFile; fileRef = FA960DF72BDD9EA800B8324F /* Set.swift */; };
		FA960DFA2BDDA79900B8324F /* Weight.swift in Sources */ = {isa = PBXBuildFile; fileRef = FA960DF92BDDA79900B8324F /* Weight.swift */; };
		FA960DFC2BDDA80F00B8324F /* Exercise.swift in Sources */ = {isa = PBXBuildFile; fileRef = FA960DFB2BDDA80F00B8324F /* Exercise.swift */; };
		FA960DFE2BDDACF700B8324F /* Workout.swift in Sources */ = {isa = PBXBuildFile; fileRef = FA960DFD2BDDACF700B8324F /* Workout.swift */; };
		FA9A86972BDFF05D00272562 /* View+Swool.swift in Sources */ = {isa = PBXBuildFile; fileRef = FA9A86962BDFF05D00272562 /* View+Swool.swift */; };
		FA9A86992BDFFB5300272562 /* EditSetView.swift in Sources */ = {isa = PBXBuildFile; fileRef = FA9A86982BDFFB5300272562 /* EditSetView.swift */; };
		FA9A869B2BE0301800272562 /* EditWorkoutView.swift in Sources */ = {isa = PBXBuildFile; fileRef = FA9A869A2BE0301800272562 /* EditWorkoutView.swift */; };
		FA9A869F2BE042C300272562 /* Date+Swool.swift in Sources */ = {isa = PBXBuildFile; fileRef = FA9A869E2BE042C300272562 /* Date+Swool.swift */; };
		FA9A86A32BE059C100272562 /* CGFloat+Swool.swift in Sources */ = {isa = PBXBuildFile; fileRef = FA9A86A22BE059C100272562 /* CGFloat+Swool.swift */; };
/* End PBXBuildFile section */

/* Begin PBXFileReference section */
		FA4253E22BDDDB4F004699DA /* NumberPickerView.swift */ = {isa = PBXFileReference; lastKnownFileType = sourcecode.swift; path = NumberPickerView.swift; sourceTree = "<group>"; };
		FA52BF7D2BDDB5FE00052CE1 /* EditExerciseView.swift */ = {isa = PBXFileReference; lastKnownFileType = sourcecode.swift; path = EditExerciseView.swift; sourceTree = "<group>"; };
		FA960DE02BDD9B4A00B8324F /* swool.app */ = {isa = PBXFileReference; explicitFileType = wrapper.application; includeInIndex = 0; path = swool.app; sourceTree = BUILT_PRODUCTS_DIR; };
		FA960DE32BDD9B4A00B8324F /* App.swift */ = {isa = PBXFileReference; lastKnownFileType = sourcecode.swift; path = App.swift; sourceTree = "<group>"; };
		FA960DE52BDD9B4A00B8324F /* WorkoutsView.swift */ = {isa = PBXFileReference; lastKnownFileType = sourcecode.swift; path = WorkoutsView.swift; sourceTree = "<group>"; };
		FA960DE72BDD9B4C00B8324F /* Assets.xcassets */ = {isa = PBXFileReference; lastKnownFileType = folder.assetcatalog; path = Assets.xcassets; sourceTree = "<group>"; };
		FA960DEA2BDD9B4C00B8324F /* Preview Assets.xcassets */ = {isa = PBXFileReference; lastKnownFileType = folder.assetcatalog; path = "Preview Assets.xcassets"; sourceTree = "<group>"; };
		FA960DF72BDD9EA800B8324F /* Set.swift */ = {isa = PBXFileReference; lastKnownFileType = sourcecode.swift; path = Set.swift; sourceTree = "<group>"; };
		FA960DF92BDDA79900B8324F /* Weight.swift */ = {isa = PBXFileReference; lastKnownFileType = sourcecode.swift; path = Weight.swift; sourceTree = "<group>"; };
		FA960DFB2BDDA80F00B8324F /* Exercise.swift */ = {isa = PBXFileReference; lastKnownFileType = sourcecode.swift; path = Exercise.swift; sourceTree = "<group>"; };
		FA960DFD2BDDACF700B8324F /* Workout.swift */ = {isa = PBXFileReference; lastKnownFileType = sourcecode.swift; path = Workout.swift; sourceTree = "<group>"; };
		FA9A86962BDFF05D00272562 /* View+Swool.swift */ = {isa = PBXFileReference; lastKnownFileType = sourcecode.swift; path = "View+Swool.swift"; sourceTree = "<group>"; };
		FA9A86982BDFFB5300272562 /* EditSetView.swift */ = {isa = PBXFileReference; lastKnownFileType = sourcecode.swift; path = EditSetView.swift; sourceTree = "<group>"; };
		FA9A869A2BE0301800272562 /* EditWorkoutView.swift */ = {isa = PBXFileReference; lastKnownFileType = sourcecode.swift; path = EditWorkoutView.swift; sourceTree = "<group>"; };
		FA9A869E2BE042C300272562 /* Date+Swool.swift */ = {isa = PBXFileReference; lastKnownFileType = sourcecode.swift; path = "Date+Swool.swift"; sourceTree = "<group>"; };
		FA9A86A22BE059C100272562 /* CGFloat+Swool.swift */ = {isa = PBXFileReference; lastKnownFileType = sourcecode.swift; path = "CGFloat+Swool.swift"; sourceTree = "<group>"; };
/* End PBXFileReference section */

/* Begin PBXFrameworksBuildPhase section */
		FA960DDD2BDD9B4A00B8324F /* Frameworks */ = {
			isa = PBXFrameworksBuildPhase;
			buildActionMask = 2147483647;
			files = (
				FA960DF52BDD9DCC00B8324F /* RealmSwift in Frameworks */,
				FA960DF32BDD9DCC00B8324F /* Realm in Frameworks */,
			);
			runOnlyForDeploymentPostprocessing = 0;
		};
/* End PBXFrameworksBuildPhase section */

/* Begin PBXGroup section */
		FA4253DD2BDDDA1A004699DA /* Library */ = {
			isa = PBXGroup;
			children = (
				FA9A86962BDFF05D00272562 /* View+Swool.swift */,
				FA9A869E2BE042C300272562 /* Date+Swool.swift */,
				FA9A86A22BE059C100272562 /* CGFloat+Swool.swift */,
			);
			path = Library;
			sourceTree = "<group>";
		};
		FA960DD72BDD9B4A00B8324F = {
			isa = PBXGroup;
			children = (
				FA960DE22BDD9B4A00B8324F /* swool */,
				FA960DE12BDD9B4A00B8324F /* Products */,
			);
			sourceTree = "<group>";
		};
		FA960DE12BDD9B4A00B8324F /* Products */ = {
			isa = PBXGroup;
			children = (
				FA960DE02BDD9B4A00B8324F /* swool.app */,
			);
			name = Products;
			sourceTree = "<group>";
		};
		FA960DE22BDD9B4A00B8324F /* swool */ = {
			isa = PBXGroup;
			children = (
				FA4253DD2BDDDA1A004699DA /* Library */,
				FA960DFF2BDDB52D00B8324F /* Views */,
				FA960DF62BDD9E6200B8324F /* Models */,
				FA960DE32BDD9B4A00B8324F /* App.swift */,
				FA960DE72BDD9B4C00B8324F /* Assets.xcassets */,
				FA960DE92BDD9B4C00B8324F /* Preview Content */,
			);
			path = swool;
			sourceTree = "<group>";
		};
		FA960DE92BDD9B4C00B8324F /* Preview Content */ = {
			isa = PBXGroup;
			children = (
				FA960DEA2BDD9B4C00B8324F /* Preview Assets.xcassets */,
			);
			path = "Preview Content";
			sourceTree = "<group>";
		};
		FA960DF62BDD9E6200B8324F /* Models */ = {
			isa = PBXGroup;
			children = (
				FA960DF72BDD9EA800B8324F /* Set.swift */,
				FA960DF92BDDA79900B8324F /* Weight.swift */,
				FA960DFB2BDDA80F00B8324F /* Exercise.swift */,
				FA960DFD2BDDACF700B8324F /* Workout.swift */,
			);
			path = Models;
			sourceTree = "<group>";
		};
		FA960DFF2BDDB52D00B8324F /* Views */ = {
			isa = PBXGroup;
			children = (
				FA960DE52BDD9B4A00B8324F /* WorkoutsView.swift */,
				FA52BF7D2BDDB5FE00052CE1 /* EditExerciseView.swift */,
				FA4253E22BDDDB4F004699DA /* NumberPickerView.swift */,
				FA9A86982BDFFB5300272562 /* EditSetView.swift */,
				FA9A869A2BE0301800272562 /* EditWorkoutView.swift */,
			);
			path = Views;
			sourceTree = "<group>";
		};
/* End PBXGroup section */

/* Begin PBXNativeTarget section */
		FA960DDF2BDD9B4A00B8324F /* swool */ = {
			isa = PBXNativeTarget;
			buildConfigurationList = FA960DEE2BDD9B4C00B8324F /* Build configuration list for PBXNativeTarget "swool" */;
			buildPhases = (
				FA960DDC2BDD9B4A00B8324F /* Sources */,
				FA960DDD2BDD9B4A00B8324F /* Frameworks */,
				FA960DDE2BDD9B4A00B8324F /* Resources */,
			);
			buildRules = (
			);
			dependencies = (
			);
			name = swool;
			packageProductDependencies = (
				FA960DF22BDD9DCC00B8324F /* Realm */,
				FA960DF42BDD9DCC00B8324F /* RealmSwift */,
			);
			productName = swool;
			productReference = FA960DE02BDD9B4A00B8324F /* swool.app */;
			productType = "com.apple.product-type.application";
		};
/* End PBXNativeTarget section */

/* Begin PBXProject section */
		FA960DD82BDD9B4A00B8324F /* Project object */ = {
			isa = PBXProject;
			attributes = {
				BuildIndependentTargetsInParallel = 1;
				LastSwiftUpdateCheck = 1430;
				LastUpgradeCheck = 1430;
				TargetAttributes = {
					FA960DDF2BDD9B4A00B8324F = {
						CreatedOnToolsVersion = 14.3;
					};
				};
			};
			buildConfigurationList = FA960DDB2BDD9B4A00B8324F /* Build configuration list for PBXProject "swool" */;
			compatibilityVersion = "Xcode 14.0";
			developmentRegion = en;
			hasScannedForEncodings = 0;
			knownRegions = (
				en,
				Base,
			);
			mainGroup = FA960DD72BDD9B4A00B8324F;
			packageReferences = (
				FA960DF12BDD9DCB00B8324F /* XCRemoteSwiftPackageReference "realm-swift" */,
			);
			productRefGroup = FA960DE12BDD9B4A00B8324F /* Products */;
			projectDirPath = "";
			projectRoot = "";
			targets = (
				FA960DDF2BDD9B4A00B8324F /* swool */,
			);
		};
/* End PBXProject section */

/* Begin PBXResourcesBuildPhase section */
		FA960DDE2BDD9B4A00B8324F /* Resources */ = {
			isa = PBXResourcesBuildPhase;
			buildActionMask = 2147483647;
			files = (
				FA960DEB2BDD9B4C00B8324F /* Preview Assets.xcassets in Resources */,
				FA960DE82BDD9B4C00B8324F /* Assets.xcassets in Resources */,
			);
			runOnlyForDeploymentPostprocessing = 0;
		};
/* End PBXResourcesBuildPhase section */

/* Begin PBXSourcesBuildPhase section */
		FA960DDC2BDD9B4A00B8324F /* Sources */ = {
			isa = PBXSourcesBuildPhase;
			buildActionMask = 2147483647;
			files = (
				FA52BF7E2BDDB5FE00052CE1 /* EditExerciseView.swift in Sources */,
				FA960DFC2BDDA80F00B8324F /* Exercise.swift in Sources */,
				FA960DE62BDD9B4A00B8324F /* WorkoutsView.swift in Sources */,
				FA4253E32BDDDB4F004699DA /* NumberPickerView.swift in Sources */,
				FA9A86972BDFF05D00272562 /* View+Swool.swift in Sources */,
				FA9A86A32BE059C100272562 /* CGFloat+Swool.swift in Sources */,
				FA960DE42BDD9B4A00B8324F /* App.swift in Sources */,
				FA9A869F2BE042C300272562 /* Date+Swool.swift in Sources */,
				FA9A86992BDFFB5300272562 /* EditSetView.swift in Sources */,
				FA960DF82BDD9EA800B8324F /* Set.swift in Sources */,
				FA960DFA2BDDA79900B8324F /* Weight.swift in Sources */,
				FA9A869B2BE0301800272562 /* EditWorkoutView.swift in Sources */,
				FA960DFE2BDDACF700B8324F /* Workout.swift in Sources */,
			);
			runOnlyForDeploymentPostprocessing = 0;
		};
/* End PBXSourcesBuildPhase section */

/* Begin XCBuildConfiguration section */
		FA960DEC2BDD9B4C00B8324F /* Debug */ = {
			isa = XCBuildConfiguration;
			buildSettings = {
				ALWAYS_SEARCH_USER_PATHS = NO;
				CLANG_ANALYZER_NONNULL = YES;
				CLANG_ANALYZER_NUMBER_OBJECT_CONVERSION = YES_AGGRESSIVE;
				CLANG_CXX_LANGUAGE_STANDARD = "gnu++20";
				CLANG_ENABLE_MODULES = YES;
				CLANG_ENABLE_OBJC_ARC = YES;
				CLANG_ENABLE_OBJC_WEAK = YES;
				CLANG_WARN_BLOCK_CAPTURE_AUTORELEASING = YES;
				CLANG_WARN_BOOL_CONVERSION = YES;
				CLANG_WARN_COMMA = YES;
				CLANG_WARN_CONSTANT_CONVERSION = YES;
				CLANG_WARN_DEPRECATED_OBJC_IMPLEMENTATIONS = YES;
				CLANG_WARN_DIRECT_OBJC_ISA_USAGE = YES_ERROR;
				CLANG_WARN_DOCUMENTATION_COMMENTS = YES;
				CLANG_WARN_EMPTY_BODY = YES;
				CLANG_WARN_ENUM_CONVERSION = YES;
				CLANG_WARN_INFINITE_RECURSION = YES;
				CLANG_WARN_INT_CONVERSION = YES;
				CLANG_WARN_NON_LITERAL_NULL_CONVERSION = YES;
				CLANG_WARN_OBJC_IMPLICIT_RETAIN_SELF = YES;
				CLANG_WARN_OBJC_LITERAL_CONVERSION = YES;
				CLANG_WARN_OBJC_ROOT_CLASS = YES_ERROR;
				CLANG_WARN_QUOTED_INCLUDE_IN_FRAMEWORK_HEADER = YES;
				CLANG_WARN_RANGE_LOOP_ANALYSIS = YES;
				CLANG_WARN_STRICT_PROTOTYPES = YES;
				CLANG_WARN_SUSPICIOUS_MOVE = YES;
				CLANG_WARN_UNGUARDED_AVAILABILITY = YES_AGGRESSIVE;
				CLANG_WARN_UNREACHABLE_CODE = YES;
				CLANG_WARN__DUPLICATE_METHOD_MATCH = YES;
				COPY_PHASE_STRIP = NO;
				DEBUG_INFORMATION_FORMAT = dwarf;
				ENABLE_STRICT_OBJC_MSGSEND = YES;
				ENABLE_TESTABILITY = YES;
				GCC_C_LANGUAGE_STANDARD = gnu11;
				GCC_DYNAMIC_NO_PIC = NO;
				GCC_NO_COMMON_BLOCKS = YES;
				GCC_OPTIMIZATION_LEVEL = 0;
				GCC_PREPROCESSOR_DEFINITIONS = (
					"DEBUG=1",
					"$(inherited)",
				);
				GCC_WARN_64_TO_32_BIT_CONVERSION = YES;
				GCC_WARN_ABOUT_RETURN_TYPE = YES_ERROR;
				GCC_WARN_UNDECLARED_SELECTOR = YES;
				GCC_WARN_UNINITIALIZED_AUTOS = YES_AGGRESSIVE;
				GCC_WARN_UNUSED_FUNCTION = YES;
				GCC_WARN_UNUSED_VARIABLE = YES;
				IPHONEOS_DEPLOYMENT_TARGET = 16.4;
				MTL_ENABLE_DEBUG_INFO = INCLUDE_SOURCE;
				MTL_FAST_MATH = YES;
				ONLY_ACTIVE_ARCH = YES;
				SDKROOT = iphoneos;
				SWIFT_ACTIVE_COMPILATION_CONDITIONS = DEBUG;
				SWIFT_OPTIMIZATION_LEVEL = "-Onone";
			};
			name = Debug;
		};
		FA960DED2BDD9B4C00B8324F /* Release */ = {
			isa = XCBuildConfiguration;
			buildSettings = {
				ALWAYS_SEARCH_USER_PATHS = NO;
				CLANG_ANALYZER_NONNULL = YES;
				CLANG_ANALYZER_NUMBER_OBJECT_CONVERSION = YES_AGGRESSIVE;
				CLANG_CXX_LANGUAGE_STANDARD = "gnu++20";
				CLANG_ENABLE_MODULES = YES;
				CLANG_ENABLE_OBJC_ARC = YES;
				CLANG_ENABLE_OBJC_WEAK = YES;
				CLANG_WARN_BLOCK_CAPTURE_AUTORELEASING = YES;
				CLANG_WARN_BOOL_CONVERSION = YES;
				CLANG_WARN_COMMA = YES;
				CLANG_WARN_CONSTANT_CONVERSION = YES;
				CLANG_WARN_DEPRECATED_OBJC_IMPLEMENTATIONS = YES;
				CLANG_WARN_DIRECT_OBJC_ISA_USAGE = YES_ERROR;
				CLANG_WARN_DOCUMENTATION_COMMENTS = YES;
				CLANG_WARN_EMPTY_BODY = YES;
				CLANG_WARN_ENUM_CONVERSION = YES;
				CLANG_WARN_INFINITE_RECURSION = YES;
				CLANG_WARN_INT_CONVERSION = YES;
				CLANG_WARN_NON_LITERAL_NULL_CONVERSION = YES;
				CLANG_WARN_OBJC_IMPLICIT_RETAIN_SELF = YES;
				CLANG_WARN_OBJC_LITERAL_CONVERSION = YES;
				CLANG_WARN_OBJC_ROOT_CLASS = YES_ERROR;
				CLANG_WARN_QUOTED_INCLUDE_IN_FRAMEWORK_HEADER = YES;
				CLANG_WARN_RANGE_LOOP_ANALYSIS = YES;
				CLANG_WARN_STRICT_PROTOTYPES = YES;
				CLANG_WARN_SUSPICIOUS_MOVE = YES;
				CLANG_WARN_UNGUARDED_AVAILABILITY = YES_AGGRESSIVE;
				CLANG_WARN_UNREACHABLE_CODE = YES;
				CLANG_WARN__DUPLICATE_METHOD_MATCH = YES;
				COPY_PHASE_STRIP = NO;
				DEBUG_INFORMATION_FORMAT = "dwarf-with-dsym";
				ENABLE_NS_ASSERTIONS = NO;
				ENABLE_STRICT_OBJC_MSGSEND = YES;
				GCC_C_LANGUAGE_STANDARD = gnu11;
				GCC_NO_COMMON_BLOCKS = YES;
				GCC_WARN_64_TO_32_BIT_CONVERSION = YES;
				GCC_WARN_ABOUT_RETURN_TYPE = YES_ERROR;
				GCC_WARN_UNDECLARED_SELECTOR = YES;
				GCC_WARN_UNINITIALIZED_AUTOS = YES_AGGRESSIVE;
				GCC_WARN_UNUSED_FUNCTION = YES;
				GCC_WARN_UNUSED_VARIABLE = YES;
				IPHONEOS_DEPLOYMENT_TARGET = 16.4;
				MTL_ENABLE_DEBUG_INFO = NO;
				MTL_FAST_MATH = YES;
				SDKROOT = iphoneos;
				SWIFT_COMPILATION_MODE = wholemodule;
				SWIFT_OPTIMIZATION_LEVEL = "-O";
				VALIDATE_PRODUCT = YES;
			};
			name = Release;
		};
		FA960DEF2BDD9B4C00B8324F /* Debug */ = {
			isa = XCBuildConfiguration;
			buildSettings = {
				ASSETCATALOG_COMPILER_APPICON_NAME = AppIcon;
				ASSETCATALOG_COMPILER_GLOBAL_ACCENT_COLOR_NAME = AccentColor;
				CODE_SIGN_STYLE = Automatic;
				CURRENT_PROJECT_VERSION = 1;
				DEVELOPMENT_ASSET_PATHS = "\"swool/Preview Content\"";
				DEVELOPMENT_TEAM = ML4K9AC7JP;
				ENABLE_PREVIEWS = YES;
				GENERATE_INFOPLIST_FILE = YES;
				INFOPLIST_KEY_UIApplicationSceneManifest_Generation = YES;
				INFOPLIST_KEY_UIApplicationSupportsIndirectInputEvents = YES;
				INFOPLIST_KEY_UILaunchScreen_Generation = YES;
				INFOPLIST_KEY_UISupportedInterfaceOrientations_iPad = "UIInterfaceOrientationPortrait UIInterfaceOrientationPortraitUpsideDown UIInterfaceOrientationLandscapeLeft UIInterfaceOrientationLandscapeRight";
				INFOPLIST_KEY_UISupportedInterfaceOrientations_iPhone = "UIInterfaceOrientationPortrait UIInterfaceOrientationLandscapeLeft UIInterfaceOrientationLandscapeRight";
				LD_RUNPATH_SEARCH_PATHS = (
					"$(inherited)",
					"@executable_path/Frameworks",
				);
				MARKETING_VERSION = 1.0;
				PRODUCT_BUNDLE_IDENTIFIER = io.alexpyoung.swool;
				PRODUCT_NAME = "$(TARGET_NAME)";
				SWIFT_EMIT_LOC_STRINGS = YES;
				SWIFT_VERSION = 5.0;
				TARGETED_DEVICE_FAMILY = "1,2";
			};
			name = Debug;
		};
		FA960DF02BDD9B4C00B8324F /* Release */ = {
			isa = XCBuildConfiguration;
			buildSettings = {
				ASSETCATALOG_COMPILER_APPICON_NAME = AppIcon;
				ASSETCATALOG_COMPILER_GLOBAL_ACCENT_COLOR_NAME = AccentColor;
				CODE_SIGN_STYLE = Automatic;
				CURRENT_PROJECT_VERSION = 1;
				DEVELOPMENT_ASSET_PATHS = "\"swool/Preview Content\"";
				DEVELOPMENT_TEAM = ML4K9AC7JP;
				ENABLE_PREVIEWS = YES;
				GENERATE_INFOPLIST_FILE = YES;
				INFOPLIST_KEY_UIApplicationSceneManifest_Generation = YES;
				INFOPLIST_KEY_UIApplicationSupportsIndirectInputEvents = YES;
				INFOPLIST_KEY_UILaunchScreen_Generation = YES;
				INFOPLIST_KEY_UISupportedInterfaceOrientations_iPad = "UIInterfaceOrientationPortrait UIInterfaceOrientationPortraitUpsideDown UIInterfaceOrientationLandscapeLeft UIInterfaceOrientationLandscapeRight";
				INFOPLIST_KEY_UISupportedInterfaceOrientations_iPhone = "UIInterfaceOrientationPortrait UIInterfaceOrientationLandscapeLeft UIInterfaceOrientationLandscapeRight";
				LD_RUNPATH_SEARCH_PATHS = (
					"$(inherited)",
					"@executable_path/Frameworks",
				);
				MARKETING_VERSION = 1.0;
				PRODUCT_BUNDLE_IDENTIFIER = io.alexpyoung.swool;
				PRODUCT_NAME = "$(TARGET_NAME)";
				SWIFT_EMIT_LOC_STRINGS = YES;
				SWIFT_VERSION = 5.0;
				TARGETED_DEVICE_FAMILY = "1,2";
			};
			name = Release;
		};
/* End XCBuildConfiguration section */

/* Begin XCConfigurationList section */
		FA960DDB2BDD9B4A00B8324F /* Build configuration list for PBXProject "swool" */ = {
			isa = XCConfigurationList;
			buildConfigurations = (
				FA960DEC2BDD9B4C00B8324F /* Debug */,
				FA960DED2BDD9B4C00B8324F /* Release */,
			);
			defaultConfigurationIsVisible = 0;
			defaultConfigurationName = Release;
		};
		FA960DEE2BDD9B4C00B8324F /* Build configuration list for PBXNativeTarget "swool" */ = {
			isa = XCConfigurationList;
			buildConfigurations = (
				FA960DEF2BDD9B4C00B8324F /* Debug */,
				FA960DF02BDD9B4C00B8324F /* Release */,
			);
			defaultConfigurationIsVisible = 0;
			defaultConfigurationName = Release;
		};
/* End XCConfigurationList section */

/* Begin XCRemoteSwiftPackageReference section */
		FA960DF12BDD9DCB00B8324F /* XCRemoteSwiftPackageReference "realm-swift" */ = {
			isa = XCRemoteSwiftPackageReference;
			repositoryURL = "https://github.com/realm/realm-swift.git";
			requirement = {
				kind = upToNextMajorVersion;
				minimumVersion = 10.49.2;
			};
		};
/* End XCRemoteSwiftPackageReference section */

/* Begin XCSwiftPackageProductDependency section */
		FA960DF22BDD9DCC00B8324F /* Realm */ = {
			isa = XCSwiftPackageProductDependency;
			package = FA960DF12BDD9DCB00B8324F /* XCRemoteSwiftPackageReference "realm-swift" */;
			productName = Realm;
		};
		FA960DF42BDD9DCC00B8324F /* RealmSwift */ = {
			isa = XCSwiftPackageProductDependency;
			package = FA960DF12BDD9DCB00B8324F /* XCRemoteSwiftPackageReference "realm-swift" */;
			productName = RealmSwift;
		};
/* End XCSwiftPackageProductDependency section */
	};
	rootObject = FA960DD82BDD9B4A00B8324F /* Project object */;
}
